
Microsoft Visual Studio Solution File, Format Version 12.00
# Visual Studio Version 17
VisualStudioVersion = 17.5.2.0
MinimumVisualStudioVersion = 10.0.40219.1
Project("{FAE04EC0-301F-11D3-BF4B-00C04F79EFBC}") = "PrisonBreak", "PrisonBreak.csproj", "{BCFB1371-D155-34FE-3D7F-DA66CE59C509}"
EndProject
Project("{FAE04EC0-301F-11D3-BF4B-00C04F79EFBC}") = "PrisonBreak.Multiplayer", "..\PrisonBreak.Multiplayer\PrisonBreak.Multiplayer.csproj", "{3CA04E3E-5B90-4695-A1FD-86AA29301DBC}"
EndProject
Global
	GlobalSection(SolutionConfigurationPlatforms) = preSolution
		Debug|Any CPU = Debug|Any CPU
		Debug|x64 = Debug|x64
		Debug|x86 = Debug|x86
		Release|Any CPU = Release|Any CPU
		Release|x64 = Release|x64
		Release|x86 = Release|x86
	EndGlobalSection
	GlobalSection(ProjectConfigurationPlatforms) = postSolution
		{BCFB1371-D155-34FE-3D7F-DA66CE59C509}.Debug|Any CPU.ActiveCfg = Debug|Any CPU
		{BCFB1371-D155-34FE-3D7F-DA66CE59C509}.Debug|Any CPU.Build.0 = Debug|Any CPU
		{BCFB1371-D155-34FE-3D7F-DA66CE59C509}.Debug|x64.ActiveCfg = Debug|Any CPU
		{BCFB1371-D155-34FE-3D7F-DA66CE59C509}.Debug|x64.Build.0 = Debug|Any CPU
		{BCFB1371-D155-34FE-3D7F-DA66CE59C509}.Debug|x86.ActiveCfg = Debug|Any CPU
		{BCFB1371-D155-34FE-3D7F-DA66CE59C509}.Debug|x86.Build.0 = Debug|Any CPU
		{BCFB1371-D155-34FE-3D7F-DA66CE59C509}.Release|Any CPU.ActiveCfg = Release|Any CPU
		{BCFB1371-D155-34FE-3D7F-DA66CE59C509}.Release|Any CPU.Build.0 = Release|Any CPU
		{BCFB1371-D155-34FE-3D7F-DA66CE59C509}.Release|x64.ActiveCfg = Release|Any CPU
		{BCFB1371-D155-34FE-3D7F-DA66CE59C509}.Release|x64.Build.0 = Release|Any CPU
		{BCFB1371-D155-34FE-3D7F-DA66CE59C509}.Release|x86.ActiveCfg = Release|Any CPU
		{BCFB1371-D155-34FE-3D7F-DA66CE59C509}.Release|x86.Build.0 = Release|Any CPU
		{3CA04E3E-5B90-4695-A1FD-86AA29301DBC}.Debug|Any CPU.ActiveCfg = Debug|Any CPU
		{3CA04E3E-5B90-4695-A1FD-86AA29301DBC}.Debug|Any CPU.Build.0 = Debug|Any CPU
		{3CA04E3E-5B90-4695-A1FD-86AA29301DBC}.Debug|x64.ActiveCfg = Debug|Any CPU
		{3CA04E3E-5B90-4695-A1FD-86AA29301DBC}.Debug|x64.Build.0 = Debug|Any CPU
		{3CA04E3E-5B90-4695-A1FD-86AA29301DBC}.Debug|x86.ActiveCfg = Debug|Any CPU
		{3CA04E3E-5B90-4695-A1FD-86AA29301DBC}.Debug|x86.Build.0 = Debug|Any CPU
		{3CA04E3E-5B90-4695-A1FD-86AA29301DBC}.Release|Any CPU.ActiveCfg = Release|Any CPU
		{3CA04E3E-5B90-4695-A1FD-86AA29301DBC}.Release|Any CPU.Build.0 = Release|Any CPU
		{3CA04E3E-5B90-4695-A1FD-86AA29301DBC}.Release|x64.ActiveCfg = Release|Any CPU
		{3CA04E3E-5B90-4695-A1FD-86AA29301DBC}.Release|x64.Build.0 = Release|Any CPU
		{3CA04E3E-5B90-4695-A1FD-86AA29301DBC}.Release|x86.ActiveCfg = Release|Any CPU
		{3CA04E3E-5B90-4695-A1FD-86AA29301DBC}.Release|x86.Build.0 = Release|Any CPU
	EndGlobalSection
	GlobalSection(SolutionProperties) = preSolution
		HideSolutionNode = FALSE
	EndGlobalSection
	GlobalSection(ExtensibilityGlobals) = postSolution
		SolutionGuid = {564B9A75-893B-4A3F-BA62-11F8C29782AA}
	EndGlobalSection
EndGlobal
